
Microsoft Visual Studio Solution File, Format Version 12.00
# Visual Studio Version 17
VisualStudioVersion = 17.2.32519.379
MinimumVisualStudioVersion = 10.0.40219.1
Project("{FAE04EC0-301F-11D3-BF4B-00C04F79EFBC}") = "IndianCensusProblem", "IndianCensusProblem\IndianCensusProblem.csproj", "{4EECD325-2019-4BAD-9CE4-116371955821}"
EndProject
Project("{FAE04EC0-301F-11D3-BF4B-00C04F79EFBC}") = "IndianStateCensusTesting", "TestProject1\IndianStateCensusTesting.csproj", "{63CA21DE-E996-450B-95E2-C5B0C688C88F}"
EndProject
Global
	GlobalSection(SolutionConfigurationPlatforms) = preSolution
		Debug|Any CPU = Debug|Any CPU
		Release|Any CPU = Release|Any CPU
	EndGlobalSection
	GlobalSection(ProjectConfigurationPlatforms) = postSolution
		{4EECD325-2019-4BAD-9CE4-116371955821}.Debug|Any CPU.ActiveCfg = Debug|Any CPU
		{4EECD325-2019-4BAD-9CE4-116371955821}.Debug|Any CPU.Build.0 = Debug|Any CPU
		{4EECD325-2019-4BAD-9CE4-116371955821}.Release|Any CPU.ActiveCfg = Release|Any CPU
		{4EECD325-2019-4BAD-9CE4-116371955821}.Release|Any CPU.Build.0 = Release|Any CPU
		{63CA21DE-E996-450B-95E2-C5B0C688C88F}.Debug|Any CPU.ActiveCfg = Debug|Any CPU
		{63CA21DE-E996-450B-95E2-C5B0C688C88F}.Debug|Any CPU.Build.0 = Debug|Any CPU
		{63CA21DE-E996-450B-95E2-C5B0C688C88F}.Release|Any CPU.ActiveCfg = Release|Any CPU
		{63CA21DE-E996-450B-95E2-C5B0C688C88F}.Release|Any CPU.Build.0 = Release|Any CPU
	EndGlobalSection
	GlobalSection(SolutionProperties) = preSolution
		HideSolutionNode = FALSE
	EndGlobalSection
	GlobalSection(ExtensibilityGlobals) = postSolution
		SolutionGuid = {CB7FEB4E-3FD1-41D9-B1CC-33B908899175}
	EndGlobalSection
EndGlobal
